<?xml version="1.0" encoding="utf-8"?>
<Project ToolsVersion="4.0" xmlns="http://schemas.microsoft.com/developer/msbuild/2003">
  <ItemGroup>
    <Filter Include="ソース ファイル">
      <UniqueIdentifier>{4FC737F1-C7A5-4376-A066-2A32D752A2FF}</UniqueIdentifier>
      <Extensions>cpp;c;cc;cxx;def;odl;idl;hpj;bat;asm;asmx</Extensions>
    </Filter>
    <Filter Include="ヘッダー ファイル">
      <UniqueIdentifier>{93995380-89BD-4b04-88EB-625FBE52EBFB}</UniqueIdentifier>
      <Extensions>h;hh;hpp;hxx;hm;inl;inc;xsd</Extensions>
    </Filter>
    <Filter Include="リソース ファイル">
      <UniqueIdentifier>{67DA6AB6-F800-4c08-8B7A-83BB121AAD01}</UniqueIdentifier>
      <Extensions>rc;ico;cur;bmp;dlg;rc2;rct;bin;rgs;gif;jpg;jpeg;jpe;resx;tiff;tif;png;wav;mfcribbon-ms</Extensions>
    </Filter>
    <Filter Include="ソース ファイル\2D">
      <UniqueIdentifier>{f9f5481a-d84a-47a2-b699-87aee686486a}</UniqueIdentifier>
    </Filter>
    <Filter Include="ソース ファイル\3D">
      <UniqueIdentifier>{428f44d6-1fb5-4888-97f2-6b692015a1ef}</UniqueIdentifier>
    </Filter>
    <Filter Include="ヘッダー ファイル\2D">
      <UniqueIdentifier>{b1d38c54-8d63-4a13-8d77-24033404be35}</UniqueIdentifier>
    </Filter>
    <Filter Include="ヘッダー ファイル\3D">
      <UniqueIdentifier>{cc279264-b23a-4718-bd49-5b051057a7c5}</UniqueIdentifier>
    </Filter>
    <Filter Include="ソース ファイル\object">
      <UniqueIdentifier>{9a4f6e69-cb86-4118-a843-855cb9fb7ed4}</UniqueIdentifier>
    </Filter>
    <Filter Include="ヘッダー ファイル\object">
      <UniqueIdentifier>{03c3ae8e-faed-4297-a99d-fe4452e39e41}</UniqueIdentifier>
    </Filter>
  </ItemGroup>
  <ItemGroup>
    <ClInclude Include="title.h">
      <Filter>ヘッダー ファイル</Filter>
    </ClInclude>
    <ClInclude Include="texture.h">
      <Filter>ヘッダー ファイル</Filter>
    </ClInclude>
    <ClInclude Include="sound.h">
      <Filter>ヘッダー ファイル</Filter>
    </ClInclude>
    <ClInclude Include="result.h">
      <Filter>ヘッダー ファイル</Filter>
    </ClInclude>
    <ClInclude Include="renderer.h">
      <Filter>ヘッダー ファイル</Filter>
    </ClInclude>
    <ClInclude Include="manager.h">
      <Filter>ヘッダー ファイル</Filter>
    </ClInclude>
    <ClInclude Include="main.h">
      <Filter>ヘッダー ファイル</Filter>
    </ClInclude>
    <ClInclude Include="input.h">
      <Filter>ヘッダー ファイル</Filter>
    </ClInclude>
    <ClInclude Include="game.h">
      <Filter>ヘッダー ファイル</Filter>
    </ClInclude>
    <ClInclude Include="field.h">
      <Filter>ヘッダー ファイル</Filter>
    </ClInclude>
    <ClInclude Include="bg.h">
      <Filter>ヘッダー ファイル\2D</Filter>
    </ClInclude>
    <ClInclude Include="billboard.h">
      <Filter>ヘッダー ファイル\3D</Filter>
    </ClInclude>
    <ClInclude Include="block.h">
      <Filter>ヘッダー ファイル\2D</Filter>
    </ClInclude>
    <ClInclude Include="block3D.h">
      <Filter>ヘッダー ファイル\3D</Filter>
    </ClInclude>
    <ClInclude Include="bullet.h">
      <Filter>ヘッダー ファイル\2D</Filter>
    </ClInclude>
    <ClInclude Include="bullet3D.h">
      <Filter>ヘッダー ファイル\3D</Filter>
    </ClInclude>
    <ClInclude Include="camera.h">
      <Filter>ヘッダー ファイル\3D</Filter>
    </ClInclude>
    <ClInclude Include="effect.h">
      <Filter>ヘッダー ファイル\2D</Filter>
    </ClInclude>
    <ClInclude Include="enemy.h">
      <Filter>ヘッダー ファイル\2D</Filter>
    </ClInclude>
    <ClInclude Include="enemy3D.h">
      <Filter>ヘッダー ファイル\3D</Filter>
    </ClInclude>
    <ClInclude Include="explosion.h">
      <Filter>ヘッダー ファイル\2D</Filter>
    </ClInclude>
    <ClInclude Include="item3D.h">
      <Filter>ヘッダー ファイル\3D</Filter>
    </ClInclude>
    <ClInclude Include="player.h">
      <Filter>ヘッダー ファイル\2D</Filter>
    </ClInclude>
    <ClInclude Include="player3D.h">
      <Filter>ヘッダー ファイル\3D</Filter>
    </ClInclude>
    <ClInclude Include="motion.h">
      <Filter>ヘッダー ファイル\3D</Filter>
    </ClInclude>
    <ClInclude Include="model.h">
      <Filter>ヘッダー ファイル\3D</Filter>
    </ClInclude>
    <ClInclude Include="score.h">
      <Filter>ヘッダー ファイル\2D</Filter>
    </ClInclude>
    <ClInclude Include="light.h">
      <Filter>ヘッダー ファイル\3D</Filter>
    </ClInclude>
    <ClInclude Include="time.h">
      <Filter>ヘッダー ファイル\2D</Filter>
    </ClInclude>
    <ClInclude Include="goal.h">
      <Filter>ヘッダー ファイル</Filter>
    </ClInclude>
    <ClInclude Include="death_block.h">
      <Filter>ヘッダー ファイル</Filter>
    </ClInclude>
    <ClInclude Include="through_block.h">
      <Filter>ヘッダー ファイル</Filter>
    </ClInclude>
    <ClInclude Include="ranking.h">
      <Filter>ヘッダー ファイル</Filter>
    </ClInclude>
    <ClInclude Include="fade.h">
      <Filter>ヘッダー ファイル</Filter>
    </ClInclude>
    <ClInclude Include="object3D.h">
      <Filter>ヘッダー ファイル\object</Filter>
    </ClInclude>
    <ClInclude Include="objectX.h">
      <Filter>ヘッダー ファイル\object</Filter>
    </ClInclude>
    <ClInclude Include="object2D.h">
      <Filter>ヘッダー ファイル\object</Filter>
    </ClInclude>
    <ClInclude Include="object.h">
      <Filter>ヘッダー ファイル\object</Filter>
    </ClInclude>
    <ClInclude Include="enemymanager.h">
      <Filter>ヘッダー ファイル</Filter>
    </ClInclude>
    <ClInclude Include="mesh_object3D.h">
      <Filter>ヘッダー ファイル\object</Filter>
    </ClInclude>
    <ClInclude Include="item_throw.h">
      <Filter>ヘッダー ファイル\3D</Filter>
    </ClInclude>
    <ClInclude Include="wall.h">
      <Filter>ヘッダー ファイル</Filter>
    </ClInclude>
    <ClInclude Include="item_manager.h">
      <Filter>ヘッダー ファイル</Filter>
    </ClInclude>
    <ClInclude Include="title_obj2D.h">
      <Filter>ヘッダー ファイル</Filter>
    </ClInclude>
    <ClInclude Include="skill_UI.h">
      <Filter>ヘッダー ファイル</Filter>
    </ClInclude>
    <ClInclude Include="wall_obj.h">
      <Filter>ヘッダー ファイル</Filter>
    </ClInclude>
    <ClInclude Include="wall_obj_manager.h">
      <Filter>ヘッダー ファイル</Filter>
    </ClInclude>
    <ClInclude Include="Xmodel.h">
      <Filter>ヘッダー ファイル</Filter>
    </ClInclude>
    <ClInclude Include="result_obj2D.h">
      <Filter>ヘッダー ファイル</Filter>
    </ClInclude>
  </ItemGroup>
  <ItemGroup>
    <ClCompile Include="renderer.cpp">
      <Filter>ソース ファイル</Filter>
    </ClCompile>
    <ClCompile Include="result.cpp">
      <Filter>ソース ファイル</Filter>
    </ClCompile>
    <ClCompile Include="sound.cpp">
      <Filter>ソース ファイル</Filter>
    </ClCompile>
    <ClCompile Include="texture.cpp">
      <Filter>ソース ファイル</Filter>
    </ClCompile>
    <ClCompile Include="title.cpp">
      <Filter>ソース ファイル</Filter>
    </ClCompile>
    <ClCompile Include="field.cpp">
      <Filter>ソース ファイル</Filter>
    </ClCompile>
    <ClCompile Include="game.cpp">
      <Filter>ソース ファイル</Filter>
    </ClCompile>
    <ClCompile Include="input.cpp">
      <Filter>ソース ファイル</Filter>
    </ClCompile>
    <ClCompile Include="main.cpp">
      <Filter>ソース ファイル</Filter>
    </ClCompile>
    <ClCompile Include="manager.cpp">
      <Filter>ソース ファイル</Filter>
    </ClCompile>
    <ClCompile Include="bg.cpp">
      <Filter>ソース ファイル\2D</Filter>
    </ClCompile>
    <ClCompile Include="block.cpp">
      <Filter>ソース ファイル\2D</Filter>
    </ClCompile>
    <ClCompile Include="bullet.cpp">
      <Filter>ソース ファイル\2D</Filter>
    </ClCompile>
    <ClCompile Include="block3D.cpp">
      <Filter>ソース ファイル\3D</Filter>
    </ClCompile>
    <ClCompile Include="bullet3D.cpp">
      <Filter>ソース ファイル\3D</Filter>
    </ClCompile>
    <ClCompile Include="billboard.cpp">
      <Filter>ソース ファイル\3D</Filter>
    </ClCompile>
    <ClCompile Include="camera.cpp">
      <Filter>ソース ファイル\3D</Filter>
    </ClCompile>
    <ClCompile Include="effect.cpp">
      <Filter>ソース ファイル\2D</Filter>
    </ClCompile>
    <ClCompile Include="enemy3D.cpp">
      <Filter>ソース ファイル\3D</Filter>
    </ClCompile>
    <ClCompile Include="enemy.cpp">
      <Filter>ソース ファイル\2D</Filter>
    </ClCompile>
    <ClCompile Include="explosion.cpp">
      <Filter>ソース ファイル\2D</Filter>
    </ClCompile>
    <ClCompile Include="item3D.cpp">
      <Filter>ソース ファイル\3D</Filter>
    </ClCompile>
    <ClCompile Include="model.cpp">
      <Filter>ソース ファイル\3D</Filter>
    </ClCompile>
    <ClCompile Include="motion.cpp">
      <Filter>ソース ファイル\3D</Filter>
    </ClCompile>
    <ClCompile Include="player.cpp">
      <Filter>ソース ファイル\2D</Filter>
    </ClCompile>
    <ClCompile Include="player3D.cpp">
      <Filter>ソース ファイル\3D</Filter>
    </ClCompile>
    <ClCompile Include="score.cpp">
      <Filter>ソース ファイル\2D</Filter>
    </ClCompile>
    <ClCompile Include="light.cpp">
      <Filter>ソース ファイル\3D</Filter>
    </ClCompile>
    <ClCompile Include="time.cpp">
      <Filter>ソース ファイル\2D</Filter>
    </ClCompile>
    <ClCompile Include="goal.cpp">
      <Filter>ソース ファイル</Filter>
    </ClCompile>
    <ClCompile Include="death_block.cpp">
      <Filter>ソース ファイル</Filter>
    </ClCompile>
    <ClCompile Include="through_block.cpp">
      <Filter>ソース ファイル</Filter>
    </ClCompile>
    <ClCompile Include="ranking.cpp">
      <Filter>ソース ファイル</Filter>
    </ClCompile>
    <ClCompile Include="fade.cpp">
      <Filter>ソース ファイル</Filter>
    </ClCompile>
    <ClCompile Include="object.cpp">
      <Filter>ソース ファイル\object</Filter>
    </ClCompile>
    <ClCompile Include="objectX.cpp">
      <Filter>ソース ファイル\object</Filter>
    </ClCompile>
    <ClCompile Include="object3D.cpp">
      <Filter>ソース ファイル\object</Filter>
    </ClCompile>
    <ClCompile Include="object2D.cpp">
      <Filter>ソース ファイル\object</Filter>
    </ClCompile>
    <ClCompile Include="enemymanager.cpp">
      <Filter>ソース ファイル</Filter>
    </ClCompile>
    <ClCompile Include="mesh_object3D.cpp">
      <Filter>ソース ファイル\object</Filter>
    </ClCompile>
    <ClCompile Include="item_throw.cpp">
      <Filter>ソース ファイル\3D</Filter>
    </ClCompile>
    <ClCompile Include="wall.cpp">
      <Filter>ソース ファイル</Filter>
    </ClCompile>
    <ClCompile Include="item_manager.cpp">
      <Filter>ソース ファイル</Filter>
    </ClCompile>
    <ClCompile Include="title_obj2D.cpp">
      <Filter>ソース ファイル</Filter>
    </ClCompile>
    <ClCompile Include="skill_UI.cpp">
      <Filter>ソース ファイル</Filter>
    </ClCompile>
    <ClCompile Include="wall_obj.cpp">
      <Filter>ソース ファイル</Filter>
    </ClCompile>
    <ClCompile Include="wall_obj_manager.cpp">
      <Filter>ソース ファイル</Filter>
    </ClCompile>
    <ClCompile Include="Xmodel.cpp">
      <Filter>ソース ファイル</Filter>
    </ClCompile>
    <ClCompile Include="result_obj2D.cpp">
      <Filter>ソース ファイル</Filter>
    </ClCompile>
  </ItemGroup>
</Project>